
Microsoft Visual Studio Solution File, Format Version 12.00
# Visual Studio Version 16
VisualStudioVersion = 16.0.32413.511
MinimumVisualStudioVersion = 10.0.40219.1
Project("{159641D6-6404-4A2A-AE62-294DE0FE8301}") = "Coupon_Redemption", "Coupon_Redemption\Coupon_Redemption.dtproj", "{5F55357F-0372-4610-ABE5-D52613B34EAA}"
EndProject
Global
	GlobalSection(SolutionConfigurationPlatforms) = preSolution
		Development|Default = Development|Default
	EndGlobalSection
	GlobalSection(ProjectConfigurationPlatforms) = postSolution
		{5F55357F-0372-4610-ABE5-D52613B34EAA}.Development|Default.ActiveCfg = Development
		{5F55357F-0372-4610-ABE5-D52613B34EAA}.Development|Default.Build.0 = Development
	EndGlobalSection
	GlobalSection(SolutionProperties) = preSolution
		HideSolutionNode = FALSE
	EndGlobalSection
	GlobalSection(ExtensibilityGlobals) = postSolution
		SolutionGuid = {219397EF-A595-49A8-85B7-ECB383212043}
	EndGlobalSection
EndGlobal
